
Microsoft Visual Studio Solution File, Format Version 12.00
# Visual Studio Version 17
VisualStudioVersion = 17.2.32630.192
MinimumVisualStudioVersion = 10.0.40219.1
Project("{FAE04EC0-301F-11D3-BF4B-00C04F79EFBC}") = "pr", "pr.csproj", "{3DB4332D-218D-4407-8F12-9072B47D4F61}"
EndProject
Global
	GlobalSection(SolutionConfigurationPlatforms) = preSolution
		Debug|Any CPU = Debug|Any CPU
		Release|Any CPU = Release|Any CPU
	EndGlobalSection
	GlobalSection(ProjectConfigurationPlatforms) = postSolution
		{3DB4332D-218D-4407-8F12-9072B47D4F61}.Debug|Any CPU.ActiveCfg = Debug|Any CPU
		{3DB4332D-218D-4407-8F12-9072B47D4F61}.Debug|Any CPU.Build.0 = Debug|Any CPU
		{3DB4332D-218D-4407-8F12-9072B47D4F61}.Release|Any CPU.ActiveCfg = Release|Any CPU
		{3DB4332D-218D-4407-8F12-9072B47D4F61}.Release|Any CPU.Build.0 = Release|Any CPU
	EndGlobalSection
	GlobalSection(SolutionProperties) = preSolution
		HideSolutionNode = FALSE
	EndGlobalSection
	GlobalSection(ExtensibilityGlobals) = postSolution
		SolutionGuid = {2A98AEA1-2F77-4AE4-ADB5-9EEB10386A61}
	EndGlobalSection
EndGlobal
