
Microsoft Visual Studio Solution File, Format Version 12.00
# Visual Studio Version 17
VisualStudioVersion = 17.2.32630.192
MinimumVisualStudioVersion = 10.0.40219.1
Project("{9A19103F-16F7-4668-BE54-9A1E7A4F7556}") = "Filehandling", "Filehandling\Filehandling.csproj", "{4B679AD3-E496-42D8-9D2A-F9EA7B48DDF0}"
EndProject
Project("{9A19103F-16F7-4668-BE54-9A1E7A4F7556}") = "ExceptionExe", "ExceptionExe\ExceptionExe.csproj", "{75906C7C-B121-4D88-8FBE-E47572BFC86F}"
EndProject
Project("{FAE04EC0-301F-11D3-BF4B-00C04F79EFBC}") = "UserRegistration1", "UserRegistration1\UserRegistration1.csproj", "{B2345DD5-7E5C-4A93-9CF7-E19DB6DE64C4}"
EndProject
Global
	GlobalSection(SolutionConfigurationPlatforms) = preSolution
		Debug|Any CPU = Debug|Any CPU
		Release|Any CPU = Release|Any CPU
	EndGlobalSection
	GlobalSection(ProjectConfigurationPlatforms) = postSolution
		{4B679AD3-E496-42D8-9D2A-F9EA7B48DDF0}.Debug|Any CPU.ActiveCfg = Debug|Any CPU
		{4B679AD3-E496-42D8-9D2A-F9EA7B48DDF0}.Debug|Any CPU.Build.0 = Debug|Any CPU
		{4B679AD3-E496-42D8-9D2A-F9EA7B48DDF0}.Release|Any CPU.ActiveCfg = Release|Any CPU
		{4B679AD3-E496-42D8-9D2A-F9EA7B48DDF0}.Release|Any CPU.Build.0 = Release|Any CPU
		{75906C7C-B121-4D88-8FBE-E47572BFC86F}.Debug|Any CPU.ActiveCfg = Debug|Any CPU
		{75906C7C-B121-4D88-8FBE-E47572BFC86F}.Debug|Any CPU.Build.0 = Debug|Any CPU
		{75906C7C-B121-4D88-8FBE-E47572BFC86F}.Release|Any CPU.ActiveCfg = Release|Any CPU
		{75906C7C-B121-4D88-8FBE-E47572BFC86F}.Release|Any CPU.Build.0 = Release|Any CPU
		{B2345DD5-7E5C-4A93-9CF7-E19DB6DE64C4}.Debug|Any CPU.ActiveCfg = Debug|Any CPU
		{B2345DD5-7E5C-4A93-9CF7-E19DB6DE64C4}.Debug|Any CPU.Build.0 = Debug|Any CPU
		{B2345DD5-7E5C-4A93-9CF7-E19DB6DE64C4}.Release|Any CPU.ActiveCfg = Release|Any CPU
		{B2345DD5-7E5C-4A93-9CF7-E19DB6DE64C4}.Release|Any CPU.Build.0 = Release|Any CPU
	EndGlobalSection
	GlobalSection(SolutionProperties) = preSolution
		HideSolutionNode = FALSE
	EndGlobalSection
	GlobalSection(ExtensibilityGlobals) = postSolution
		SolutionGuid = {9422D943-40E5-44BF-9B17-FAD7A1F546BA}
	EndGlobalSection
EndGlobal
