
Microsoft Visual Studio Solution File, Format Version 12.00
# Visual Studio Version 17
VisualStudioVersion = 17.2.32630.192
MinimumVisualStudioVersion = 10.0.40219.1
Project("{FAE04EC0-301F-11D3-BF4B-00C04F79EFBC}") = "methods", "methods.csproj", "{FE1BFBF2-D6FE-4761-9408-2D1DC598C4CC}"
EndProject
Global
	GlobalSection(SolutionConfigurationPlatforms) = preSolution
		Debug|Any CPU = Debug|Any CPU
		Release|Any CPU = Release|Any CPU
	EndGlobalSection
	GlobalSection(ProjectConfigurationPlatforms) = postSolution
		{FE1BFBF2-D6FE-4761-9408-2D1DC598C4CC}.Debug|Any CPU.ActiveCfg = Debug|Any CPU
		{FE1BFBF2-D6FE-4761-9408-2D1DC598C4CC}.Debug|Any CPU.Build.0 = Debug|Any CPU
		{FE1BFBF2-D6FE-4761-9408-2D1DC598C4CC}.Release|Any CPU.ActiveCfg = Release|Any CPU
		{FE1BFBF2-D6FE-4761-9408-2D1DC598C4CC}.Release|Any CPU.Build.0 = Release|Any CPU
	EndGlobalSection
	GlobalSection(SolutionProperties) = preSolution
		HideSolutionNode = FALSE
	EndGlobalSection
	GlobalSection(ExtensibilityGlobals) = postSolution
		SolutionGuid = {3941DE9A-34AD-4A81-B2AF-5A622D122F66}
	EndGlobalSection
EndGlobal
