
Microsoft Visual Studio Solution File, Format Version 12.00
# Visual Studio Version 17
VisualStudioVersion = 17.2.32630.192
MinimumVisualStudioVersion = 10.0.40219.1
Project("{FAE04EC0-301F-11D3-BF4B-00C04F79EFBC}") = "Cookies", "Cookies\Cookies.csproj", "{61D0F024-EB1C-41D4-999E-E14B4C39D474}"
EndProject
Project("{FAE04EC0-301F-11D3-BF4B-00C04F79EFBC}") = "SessionData", "SessionData\SessionData.csproj", "{0F0D0C59-8B4F-4CE4-BDDA-429760280756}"
EndProject
Project("{FAE04EC0-301F-11D3-BF4B-00C04F79EFBC}") = "Cache", "Cache\Cache.csproj", "{61C1CC10-903E-4974-B337-9F5D95BD3CE1}"
EndProject
Global
	GlobalSection(SolutionConfigurationPlatforms) = preSolution
		Debug|Any CPU = Debug|Any CPU
		Release|Any CPU = Release|Any CPU
	EndGlobalSection
	GlobalSection(ProjectConfigurationPlatforms) = postSolution
		{61D0F024-EB1C-41D4-999E-E14B4C39D474}.Debug|Any CPU.ActiveCfg = Debug|Any CPU
		{61D0F024-EB1C-41D4-999E-E14B4C39D474}.Debug|Any CPU.Build.0 = Debug|Any CPU
		{61D0F024-EB1C-41D4-999E-E14B4C39D474}.Release|Any CPU.ActiveCfg = Release|Any CPU
		{61D0F024-EB1C-41D4-999E-E14B4C39D474}.Release|Any CPU.Build.0 = Release|Any CPU
		{0F0D0C59-8B4F-4CE4-BDDA-429760280756}.Debug|Any CPU.ActiveCfg = Debug|Any CPU
		{0F0D0C59-8B4F-4CE4-BDDA-429760280756}.Debug|Any CPU.Build.0 = Debug|Any CPU
		{0F0D0C59-8B4F-4CE4-BDDA-429760280756}.Release|Any CPU.ActiveCfg = Release|Any CPU
		{0F0D0C59-8B4F-4CE4-BDDA-429760280756}.Release|Any CPU.Build.0 = Release|Any CPU
		{61C1CC10-903E-4974-B337-9F5D95BD3CE1}.Debug|Any CPU.ActiveCfg = Debug|Any CPU
		{61C1CC10-903E-4974-B337-9F5D95BD3CE1}.Debug|Any CPU.Build.0 = Debug|Any CPU
		{61C1CC10-903E-4974-B337-9F5D95BD3CE1}.Release|Any CPU.ActiveCfg = Release|Any CPU
		{61C1CC10-903E-4974-B337-9F5D95BD3CE1}.Release|Any CPU.Build.0 = Release|Any CPU
	EndGlobalSection
	GlobalSection(SolutionProperties) = preSolution
		HideSolutionNode = FALSE
	EndGlobalSection
	GlobalSection(ExtensibilityGlobals) = postSolution
		SolutionGuid = {AB1889F5-29EF-481E-B980-1650ACDDE502}
	EndGlobalSection
EndGlobal
