
Microsoft Visual Studio Solution File, Format Version 12.00
# Visual Studio Version 17
VisualStudioVersion = 17.2.32630.192
MinimumVisualStudioVersion = 10.0.40219.1
Project("{FAE04EC0-301F-11D3-BF4B-00C04F79EFBC}") = "BurgerApp", "BurgerApp\BurgerApp.csproj", "{BED3B34E-B74F-4703-99AF-651D9FDBAA2B}"
EndProject
Global
	GlobalSection(SolutionConfigurationPlatforms) = preSolution
		Debug|Any CPU = Debug|Any CPU
		Release|Any CPU = Release|Any CPU
	EndGlobalSection
	GlobalSection(ProjectConfigurationPlatforms) = postSolution
		{BED3B34E-B74F-4703-99AF-651D9FDBAA2B}.Debug|Any CPU.ActiveCfg = Debug|Any CPU
		{BED3B34E-B74F-4703-99AF-651D9FDBAA2B}.Debug|Any CPU.Build.0 = Debug|Any CPU
		{BED3B34E-B74F-4703-99AF-651D9FDBAA2B}.Release|Any CPU.ActiveCfg = Release|Any CPU
		{BED3B34E-B74F-4703-99AF-651D9FDBAA2B}.Release|Any CPU.Build.0 = Release|Any CPU
	EndGlobalSection
	GlobalSection(SolutionProperties) = preSolution
		HideSolutionNode = FALSE
	EndGlobalSection
	GlobalSection(ExtensibilityGlobals) = postSolution
		SolutionGuid = {078C70AB-CFBC-45A2-8190-9271592B8D85}
	EndGlobalSection
EndGlobal
